
Microsoft Visual Studio Solution File, Format Version 12.00
# Visual Studio 15
VisualStudioVersion = 15.0.28010.2048
MinimumVisualStudioVersion = 10.0.40219.1
Project("{FAE04EC0-301F-11D3-BF4B-00C04F79EFBC}") = "DatabaseManagement", "DatabaseManagement\DatabaseManagement.csproj", "{E2AC1665-7ECC-4F9B-B71A-0CD836ACBDDF}"
EndProject
Global
	GlobalSection(SolutionConfigurationPlatforms) = preSolution
		Debug|Any CPU = Debug|Any CPU
		Release|Any CPU = Release|Any CPU
	EndGlobalSection
	GlobalSection(ProjectConfigurationPlatforms) = postSolution
		{E2AC1665-7ECC-4F9B-B71A-0CD836ACBDDF}.Debug|Any CPU.ActiveCfg = Debug|Any CPU
		{E2AC1665-7ECC-4F9B-B71A-0CD836ACBDDF}.Debug|Any CPU.Build.0 = Debug|Any CPU
		{E2AC1665-7ECC-4F9B-B71A-0CD836ACBDDF}.Release|Any CPU.ActiveCfg = Release|Any CPU
		{E2AC1665-7ECC-4F9B-B71A-0CD836ACBDDF}.Release|Any CPU.Build.0 = Release|Any CPU
	EndGlobalSection
	GlobalSection(SolutionProperties) = preSolution
		HideSolutionNode = FALSE
	EndGlobalSection
	GlobalSection(ExtensibilityGlobals) = postSolution
		SolutionGuid = {F2D88318-74DC-4C74-9731-2DC7DCB68335}
	EndGlobalSection
EndGlobal
